
Microsoft Visual Studio Solution File, Format Version 12.00
# Visual Studio Version 17
VisualStudioVersion = 17.5.002.0
MinimumVisualStudioVersion = 10.0.40219.1
Project("{9A19103F-16F7-4668-BE54-9A1E7A4F7556}") = "Api", "Api\Api.csproj", "{37EF2A43-DB18-46CA-AD86-4C7E0895CADC}"
EndProject
Global
	GlobalSection(SolutionConfigurationPlatforms) = preSolution
		Debug|Any CPU = Debug|Any CPU
		Release|Any CPU = Release|Any CPU
	EndGlobalSection
	GlobalSection(ProjectConfigurationPlatforms) = postSolution
		{37EF2A43-DB18-46CA-AD86-4C7E0895CADC}.Debug|Any CPU.ActiveCfg = Debug|Any CPU
		{37EF2A43-DB18-46CA-AD86-4C7E0895CADC}.Debug|Any CPU.Build.0 = Debug|Any CPU
		{37EF2A43-DB18-46CA-AD86-4C7E0895CADC}.Release|Any CPU.ActiveCfg = Release|Any CPU
		{37EF2A43-DB18-46CA-AD86-4C7E0895CADC}.Release|Any CPU.Build.0 = Release|Any CPU
	EndGlobalSection
	GlobalSection(SolutionProperties) = preSolution
		HideSolutionNode = FALSE
	EndGlobalSection
	GlobalSection(ExtensibilityGlobals) = postSolution
		SolutionGuid = {8C829C9C-C9B5-4FCF-8BE6-66C88A75F821}
	EndGlobalSection
EndGlobal
